
Microsoft Visual Studio Solution File, Format Version 12.00
# Visual Studio Version 16
VisualStudioVersion = 16.0.30428.66
MinimumVisualStudioVersion = 10.0.40219.1
Project("{FAE04EC0-301F-11D3-BF4B-00C04F79EFBC}") = "NetCoreServiceTemplate", "NetCoreServiceTemplate.csproj", "{60BA8116-23E8-488A-8165-FCD945908A19}"
EndProject
Global
	GlobalSection(SolutionConfigurationPlatforms) = preSolution
		Debug|Any CPU = Debug|Any CPU
		Release|Any CPU = Release|Any CPU
	EndGlobalSection
	GlobalSection(ProjectConfigurationPlatforms) = postSolution
		{60BA8116-23E8-488A-8165-FCD945908A19}.Debug|Any CPU.ActiveCfg = Debug|Any CPU
		{60BA8116-23E8-488A-8165-FCD945908A19}.Debug|Any CPU.Build.0 = Debug|Any CPU
		{60BA8116-23E8-488A-8165-FCD945908A19}.Release|Any CPU.ActiveCfg = Release|Any CPU
		{60BA8116-23E8-488A-8165-FCD945908A19}.Release|Any CPU.Build.0 = Release|Any CPU
	EndGlobalSection
	GlobalSection(SolutionProperties) = preSolution
		HideSolutionNode = FALSE
	EndGlobalSection
	GlobalSection(ExtensibilityGlobals) = postSolution
		SolutionGuid = {5A83DE05-352B-4658-A089-CBB219C3D296}
	EndGlobalSection
EndGlobal
